
Microsoft Visual Studio Solution File, Format Version 12.00
# Visual Studio 2013
VisualStudioVersion = 12.0.30501.0
MinimumVisualStudioVersion = 10.0.40219.1
Project("{FAE04EC0-301F-11D3-BF4B-00C04F79EFBC}") = "FataMirageWinRT", "FataMirageWinRT\FataMirageWinRT.csproj", "{F2900AF2-DF6B-42DC-A0BF-E0F1E517ADA7}"
EndProject
Project("{FAE04EC0-301F-11D3-BF4B-00C04F79EFBC}") = "FataMirageWindowsDesktop", "FataMirageWindowsDesktop\FataMirageWindowsDesktop.csproj", "{EA123C10-A23D-47E5-B3D5-71C62D2E9AF3}"
EndProject
Project("{FAE04EC0-301F-11D3-BF4B-00C04F79EFBC}") = "FataMirage.WinPhone", "FataMirage\FataMirage.WinPhone\FataMirage.WinPhone.csproj", "{6C3225FD-230C-41EA-8FB6-58AF1A514215}"
EndProject
Project("{FAE04EC0-301F-11D3-BF4B-00C04F79EFBC}") = "FataMirage.iOS", "FataMirage\FataMirage.iOS\FataMirage.iOS.csproj", "{8C84182B-CE2D-470E-9859-6B3E8D88888A}"
EndProject
Project("{FAE04EC0-301F-11D3-BF4B-00C04F79EFBC}") = "FataMirage.Android", "FataMirage\FataMirage.Android\FataMirage.Android.csproj", "{8503CCF8-5575-4B88-B745-A043A1756FCB}"
EndProject
Project("{D954291E-2A0B-460D-934E-DC6B0785DB48}") = "FataMirage", "FataMirage\FataMirage\FataMirage.shproj", "{8120437A-48B9-4EA4-8E3C-C29044D3AB70}"
EndProject
Global
	GlobalSection(SharedMSBuildProjectFiles) = preSolution
		FataMirage\FataMirage\FataMirage.projitems*{8120437a-48b9-4ea4-8e3c-c29044d3ab70}*SharedItemsImports = 13
		FataMirage\FataMirage\FataMirage.projitems*{6c3225fd-230c-41ea-8fb6-58af1a514215}*SharedItemsImports = 4
		FataMirage\FataMirage\FataMirage.projitems*{8503ccf8-5575-4b88-b745-a043a1756fcb}*SharedItemsImports = 4
	EndGlobalSection
	GlobalSection(SolutionConfigurationPlatforms) = preSolution
		Ad-Hoc|Any CPU = Ad-Hoc|Any CPU
		Ad-Hoc|ARM = Ad-Hoc|ARM
		Ad-Hoc|iPhone = Ad-Hoc|iPhone
		Ad-Hoc|iPhoneSimulator = Ad-Hoc|iPhoneSimulator
		Ad-Hoc|Mixed Platforms = Ad-Hoc|Mixed Platforms
		Ad-Hoc|x64 = Ad-Hoc|x64
		Ad-Hoc|x86 = Ad-Hoc|x86
		AppStore|Any CPU = AppStore|Any CPU
		AppStore|ARM = AppStore|ARM
		AppStore|iPhone = AppStore|iPhone
		AppStore|iPhoneSimulator = AppStore|iPhoneSimulator
		AppStore|Mixed Platforms = AppStore|Mixed Platforms
		AppStore|x64 = AppStore|x64
		AppStore|x86 = AppStore|x86
		Debug|Any CPU = Debug|Any CPU
		Debug|ARM = Debug|ARM
		Debug|iPhone = Debug|iPhone
		Debug|iPhoneSimulator = Debug|iPhoneSimulator
		Debug|Mixed Platforms = Debug|Mixed Platforms
		Debug|x64 = Debug|x64
		Debug|x86 = Debug|x86
		Release|Any CPU = Release|Any CPU
		Release|ARM = Release|ARM
		Release|iPhone = Release|iPhone
		Release|iPhoneSimulator = Release|iPhoneSimulator
		Release|Mixed Platforms = Release|Mixed Platforms
		Release|x64 = Release|x64
		Release|x86 = Release|x86
	EndGlobalSection
	GlobalSection(ProjectConfigurationPlatforms) = postSolution
		{F2900AF2-DF6B-42DC-A0BF-E0F1E517ADA7}.Ad-Hoc|Any CPU.ActiveCfg = Release|Any CPU
		{F2900AF2-DF6B-42DC-A0BF-E0F1E517ADA7}.Ad-Hoc|Any CPU.Build.0 = Release|Any CPU
		{F2900AF2-DF6B-42DC-A0BF-E0F1E517ADA7}.Ad-Hoc|Any CPU.Deploy.0 = Release|Any CPU
		{F2900AF2-DF6B-42DC-A0BF-E0F1E517ADA7}.Ad-Hoc|ARM.ActiveCfg = Release|ARM
		{F2900AF2-DF6B-42DC-A0BF-E0F1E517ADA7}.Ad-Hoc|ARM.Build.0 = Release|ARM
		{F2900AF2-DF6B-42DC-A0BF-E0F1E517ADA7}.Ad-Hoc|ARM.Deploy.0 = Release|ARM
		{F2900AF2-DF6B-42DC-A0BF-E0F1E517ADA7}.Ad-Hoc|iPhone.ActiveCfg = Release|Any CPU
		{F2900AF2-DF6B-42DC-A0BF-E0F1E517ADA7}.Ad-Hoc|iPhoneSimulator.ActiveCfg = Release|Any CPU
		{F2900AF2-DF6B-42DC-A0BF-E0F1E517ADA7}.Ad-Hoc|Mixed Platforms.ActiveCfg = Release|x86
		{F2900AF2-DF6B-42DC-A0BF-E0F1E517ADA7}.Ad-Hoc|Mixed Platforms.Build.0 = Release|x86
		{F2900AF2-DF6B-42DC-A0BF-E0F1E517ADA7}.Ad-Hoc|Mixed Platforms.Deploy.0 = Release|x86
		{F2900AF2-DF6B-42DC-A0BF-E0F1E517ADA7}.Ad-Hoc|x64.ActiveCfg = Release|x64
		{F2900AF2-DF6B-42DC-A0BF-E0F1E517ADA7}.Ad-Hoc|x64.Build.0 = Release|x64
		{F2900AF2-DF6B-42DC-A0BF-E0F1E517ADA7}.Ad-Hoc|x64.Deploy.0 = Release|x64
		{F2900AF2-DF6B-42DC-A0BF-E0F1E517ADA7}.Ad-Hoc|x86.ActiveCfg = Release|x86
		{F2900AF2-DF6B-42DC-A0BF-E0F1E517ADA7}.Ad-Hoc|x86.Build.0 = Release|x86
		{F2900AF2-DF6B-42DC-A0BF-E0F1E517ADA7}.Ad-Hoc|x86.Deploy.0 = Release|x86
		{F2900AF2-DF6B-42DC-A0BF-E0F1E517ADA7}.AppStore|Any CPU.ActiveCfg = Release|Any CPU
		{F2900AF2-DF6B-42DC-A0BF-E0F1E517ADA7}.AppStore|Any CPU.Build.0 = Release|Any CPU
		{F2900AF2-DF6B-42DC-A0BF-E0F1E517ADA7}.AppStore|Any CPU.Deploy.0 = Release|Any CPU
		{F2900AF2-DF6B-42DC-A0BF-E0F1E517ADA7}.AppStore|ARM.ActiveCfg = Release|ARM
		{F2900AF2-DF6B-42DC-A0BF-E0F1E517ADA7}.AppStore|ARM.Build.0 = Release|ARM
		{F2900AF2-DF6B-42DC-A0BF-E0F1E517ADA7}.AppStore|ARM.Deploy.0 = Release|ARM
		{F2900AF2-DF6B-42DC-A0BF-E0F1E517ADA7}.AppStore|iPhone.ActiveCfg = Release|Any CPU
		{F2900AF2-DF6B-42DC-A0BF-E0F1E517ADA7}.AppStore|iPhoneSimulator.ActiveCfg = Release|Any CPU
		{F2900AF2-DF6B-42DC-A0BF-E0F1E517ADA7}.AppStore|Mixed Platforms.ActiveCfg = Release|x86
		{F2900AF2-DF6B-42DC-A0BF-E0F1E517ADA7}.AppStore|Mixed Platforms.Build.0 = Release|x86
		{F2900AF2-DF6B-42DC-A0BF-E0F1E517ADA7}.AppStore|Mixed Platforms.Deploy.0 = Release|x86
		{F2900AF2-DF6B-42DC-A0BF-E0F1E517ADA7}.AppStore|x64.ActiveCfg = Release|x64
		{F2900AF2-DF6B-42DC-A0BF-E0F1E517ADA7}.AppStore|x64.Build.0 = Release|x64
		{F2900AF2-DF6B-42DC-A0BF-E0F1E517ADA7}.AppStore|x64.Deploy.0 = Release|x64
		{F2900AF2-DF6B-42DC-A0BF-E0F1E517ADA7}.AppStore|x86.ActiveCfg = Release|x86
		{F2900AF2-DF6B-42DC-A0BF-E0F1E517ADA7}.AppStore|x86.Build.0 = Release|x86
		{F2900AF2-DF6B-42DC-A0BF-E0F1E517ADA7}.AppStore|x86.Deploy.0 = Release|x86
		{F2900AF2-DF6B-42DC-A0BF-E0F1E517ADA7}.Debug|Any CPU.ActiveCfg = Debug|Any CPU
		{F2900AF2-DF6B-42DC-A0BF-E0F1E517ADA7}.Debug|Any CPU.Build.0 = Debug|Any CPU
		{F2900AF2-DF6B-42DC-A0BF-E0F1E517ADA7}.Debug|Any CPU.Deploy.0 = Debug|Any CPU
		{F2900AF2-DF6B-42DC-A0BF-E0F1E517ADA7}.Debug|ARM.ActiveCfg = Debug|ARM
		{F2900AF2-DF6B-42DC-A0BF-E0F1E517ADA7}.Debug|ARM.Build.0 = Debug|ARM
		{F2900AF2-DF6B-42DC-A0BF-E0F1E517ADA7}.Debug|ARM.Deploy.0 = Debug|ARM
		{F2900AF2-DF6B-42DC-A0BF-E0F1E517ADA7}.Debug|iPhone.ActiveCfg = Debug|Any CPU
		{F2900AF2-DF6B-42DC-A0BF-E0F1E517ADA7}.Debug|iPhoneSimulator.ActiveCfg = Debug|Any CPU
		{F2900AF2-DF6B-42DC-A0BF-E0F1E517ADA7}.Debug|Mixed Platforms.ActiveCfg = Debug|x86
		{F2900AF2-DF6B-42DC-A0BF-E0F1E517ADA7}.Debug|Mixed Platforms.Build.0 = Debug|x86
		{F2900AF2-DF6B-42DC-A0BF-E0F1E517ADA7}.Debug|Mixed Platforms.Deploy.0 = Debug|x86
		{F2900AF2-DF6B-42DC-A0BF-E0F1E517ADA7}.Debug|x64.ActiveCfg = Debug|x64
		{F2900AF2-DF6B-42DC-A0BF-E0F1E517ADA7}.Debug|x64.Build.0 = Debug|x64
		{F2900AF2-DF6B-42DC-A0BF-E0F1E517ADA7}.Debug|x64.Deploy.0 = Debug|x64
		{F2900AF2-DF6B-42DC-A0BF-E0F1E517ADA7}.Debug|x86.ActiveCfg = Debug|x86
		{F2900AF2-DF6B-42DC-A0BF-E0F1E517ADA7}.Debug|x86.Build.0 = Debug|x86
		{F2900AF2-DF6B-42DC-A0BF-E0F1E517ADA7}.Debug|x86.Deploy.0 = Debug|x86
		{F2900AF2-DF6B-42DC-A0BF-E0F1E517ADA7}.Release|Any CPU.ActiveCfg = Release|Any CPU
		{F2900AF2-DF6B-42DC-A0BF-E0F1E517ADA7}.Release|Any CPU.Build.0 = Release|Any CPU
		{F2900AF2-DF6B-42DC-A0BF-E0F1E517ADA7}.Release|Any CPU.Deploy.0 = Release|Any CPU
		{F2900AF2-DF6B-42DC-A0BF-E0F1E517ADA7}.Release|ARM.ActiveCfg = Release|ARM
		{F2900AF2-DF6B-42DC-A0BF-E0F1E517ADA7}.Release|ARM.Build.0 = Release|ARM
		{F2900AF2-DF6B-42DC-A0BF-E0F1E517ADA7}.Release|ARM.Deploy.0 = Release|ARM
		{F2900AF2-DF6B-42DC-A0BF-E0F1E517ADA7}.Release|iPhone.ActiveCfg = Release|Any CPU
		{F2900AF2-DF6B-42DC-A0BF-E0F1E517ADA7}.Release|iPhoneSimulator.ActiveCfg = Release|Any CPU
		{F2900AF2-DF6B-42DC-A0BF-E0F1E517ADA7}.Release|Mixed Platforms.ActiveCfg = Release|x86
		{F2900AF2-DF6B-42DC-A0BF-E0F1E517ADA7}.Release|Mixed Platforms.Build.0 = Release|x86
		{F2900AF2-DF6B-42DC-A0BF-E0F1E517ADA7}.Release|Mixed Platforms.Deploy.0 = Release|x86
		{F2900AF2-DF6B-42DC-A0BF-E0F1E517ADA7}.Release|x64.ActiveCfg = Release|x64
		{F2900AF2-DF6B-42DC-A0BF-E0F1E517ADA7}.Release|x64.Build.0 = Release|x64
		{F2900AF2-DF6B-42DC-A0BF-E0F1E517ADA7}.Release|x64.Deploy.0 = Release|x64
		{F2900AF2-DF6B-42DC-A0BF-E0F1E517ADA7}.Release|x86.ActiveCfg = Release|x86
		{F2900AF2-DF6B-42DC-A0BF-E0F1E517ADA7}.Release|x86.Build.0 = Release|x86
		{F2900AF2-DF6B-42DC-A0BF-E0F1E517ADA7}.Release|x86.Deploy.0 = Release|x86
		{EA123C10-A23D-47E5-B3D5-71C62D2E9AF3}.Ad-Hoc|Any CPU.ActiveCfg = Release|x86
		{EA123C10-A23D-47E5-B3D5-71C62D2E9AF3}.Ad-Hoc|ARM.ActiveCfg = Release|x86
		{EA123C10-A23D-47E5-B3D5-71C62D2E9AF3}.Ad-Hoc|iPhone.ActiveCfg = Release|x86
		{EA123C10-A23D-47E5-B3D5-71C62D2E9AF3}.Ad-Hoc|iPhoneSimulator.ActiveCfg = Release|x86
		{EA123C10-A23D-47E5-B3D5-71C62D2E9AF3}.Ad-Hoc|Mixed Platforms.ActiveCfg = Release|x86
		{EA123C10-A23D-47E5-B3D5-71C62D2E9AF3}.Ad-Hoc|Mixed Platforms.Build.0 = Release|x86
		{EA123C10-A23D-47E5-B3D5-71C62D2E9AF3}.Ad-Hoc|x64.ActiveCfg = Release|x86
		{EA123C10-A23D-47E5-B3D5-71C62D2E9AF3}.Ad-Hoc|x86.ActiveCfg = Release|x86
		{EA123C10-A23D-47E5-B3D5-71C62D2E9AF3}.Ad-Hoc|x86.Build.0 = Release|x86
		{EA123C10-A23D-47E5-B3D5-71C62D2E9AF3}.AppStore|Any CPU.ActiveCfg = Release|x86
		{EA123C10-A23D-47E5-B3D5-71C62D2E9AF3}.AppStore|ARM.ActiveCfg = Release|x86
		{EA123C10-A23D-47E5-B3D5-71C62D2E9AF3}.AppStore|iPhone.ActiveCfg = Release|x86
		{EA123C10-A23D-47E5-B3D5-71C62D2E9AF3}.AppStore|iPhoneSimulator.ActiveCfg = Release|x86
		{EA123C10-A23D-47E5-B3D5-71C62D2E9AF3}.AppStore|Mixed Platforms.ActiveCfg = Release|x86
		{EA123C10-A23D-47E5-B3D5-71C62D2E9AF3}.AppStore|Mixed Platforms.Build.0 = Release|x86
		{EA123C10-A23D-47E5-B3D5-71C62D2E9AF3}.AppStore|x64.ActiveCfg = Release|x86
		{EA123C10-A23D-47E5-B3D5-71C62D2E9AF3}.AppStore|x86.ActiveCfg = Release|x86
		{EA123C10-A23D-47E5-B3D5-71C62D2E9AF3}.AppStore|x86.Build.0 = Release|x86
		{EA123C10-A23D-47E5-B3D5-71C62D2E9AF3}.Debug|Any CPU.ActiveCfg = Debug|x86
		{EA123C10-A23D-47E5-B3D5-71C62D2E9AF3}.Debug|ARM.ActiveCfg = Debug|x86
		{EA123C10-A23D-47E5-B3D5-71C62D2E9AF3}.Debug|iPhone.ActiveCfg = Debug|x86
		{EA123C10-A23D-47E5-B3D5-71C62D2E9AF3}.Debug|iPhoneSimulator.ActiveCfg = Debug|x86
		{EA123C10-A23D-47E5-B3D5-71C62D2E9AF3}.Debug|Mixed Platforms.ActiveCfg = Debug|x86
		{EA123C10-A23D-47E5-B3D5-71C62D2E9AF3}.Debug|Mixed Platforms.Build.0 = Debug|x86
		{EA123C10-A23D-47E5-B3D5-71C62D2E9AF3}.Debug|x64.ActiveCfg = Debug|x86
		{EA123C10-A23D-47E5-B3D5-71C62D2E9AF3}.Debug|x86.ActiveCfg = Debug|x86
		{EA123C10-A23D-47E5-B3D5-71C62D2E9AF3}.Debug|x86.Build.0 = Debug|x86
		{EA123C10-A23D-47E5-B3D5-71C62D2E9AF3}.Release|Any CPU.ActiveCfg = Release|x86
		{EA123C10-A23D-47E5-B3D5-71C62D2E9AF3}.Release|ARM.ActiveCfg = Release|x86
		{EA123C10-A23D-47E5-B3D5-71C62D2E9AF3}.Release|iPhone.ActiveCfg = Release|x86
		{EA123C10-A23D-47E5-B3D5-71C62D2E9AF3}.Release|iPhoneSimulator.ActiveCfg = Release|x86
		{EA123C10-A23D-47E5-B3D5-71C62D2E9AF3}.Release|Mixed Platforms.ActiveCfg = Release|x86
		{EA123C10-A23D-47E5-B3D5-71C62D2E9AF3}.Release|Mixed Platforms.Build.0 = Release|x86
		{EA123C10-A23D-47E5-B3D5-71C62D2E9AF3}.Release|x64.ActiveCfg = Release|x86
		{EA123C10-A23D-47E5-B3D5-71C62D2E9AF3}.Release|x86.ActiveCfg = Release|x86
		{EA123C10-A23D-47E5-B3D5-71C62D2E9AF3}.Release|x86.Build.0 = Release|x86
		{6C3225FD-230C-41EA-8FB6-58AF1A514215}.Ad-Hoc|Any CPU.ActiveCfg = Release|Any CPU
		{6C3225FD-230C-41EA-8FB6-58AF1A514215}.Ad-Hoc|Any CPU.Build.0 = Release|Any CPU
		{6C3225FD-230C-41EA-8FB6-58AF1A514215}.Ad-Hoc|Any CPU.Deploy.0 = Release|Any CPU
		{6C3225FD-230C-41EA-8FB6-58AF1A514215}.Ad-Hoc|ARM.ActiveCfg = Release|ARM
		{6C3225FD-230C-41EA-8FB6-58AF1A514215}.Ad-Hoc|ARM.Build.0 = Release|ARM
		{6C3225FD-230C-41EA-8FB6-58AF1A514215}.Ad-Hoc|ARM.Deploy.0 = Release|ARM
		{6C3225FD-230C-41EA-8FB6-58AF1A514215}.Ad-Hoc|iPhone.ActiveCfg = Release|Any CPU
		{6C3225FD-230C-41EA-8FB6-58AF1A514215}.Ad-Hoc|iPhoneSimulator.ActiveCfg = Release|Any CPU
		{6C3225FD-230C-41EA-8FB6-58AF1A514215}.Ad-Hoc|Mixed Platforms.ActiveCfg = Release|x86
		{6C3225FD-230C-41EA-8FB6-58AF1A514215}.Ad-Hoc|Mixed Platforms.Build.0 = Release|x86
		{6C3225FD-230C-41EA-8FB6-58AF1A514215}.Ad-Hoc|Mixed Platforms.Deploy.0 = Release|x86
		{6C3225FD-230C-41EA-8FB6-58AF1A514215}.Ad-Hoc|x64.ActiveCfg = Release|Any CPU
		{6C3225FD-230C-41EA-8FB6-58AF1A514215}.Ad-Hoc|x86.ActiveCfg = Release|x86
		{6C3225FD-230C-41EA-8FB6-58AF1A514215}.Ad-Hoc|x86.Build.0 = Release|x86
		{6C3225FD-230C-41EA-8FB6-58AF1A514215}.Ad-Hoc|x86.Deploy.0 = Release|x86
		{6C3225FD-230C-41EA-8FB6-58AF1A514215}.AppStore|Any CPU.ActiveCfg = Release|Any CPU
		{6C3225FD-230C-41EA-8FB6-58AF1A514215}.AppStore|Any CPU.Build.0 = Release|Any CPU
		{6C3225FD-230C-41EA-8FB6-58AF1A514215}.AppStore|Any CPU.Deploy.0 = Release|Any CPU
		{6C3225FD-230C-41EA-8FB6-58AF1A514215}.AppStore|ARM.ActiveCfg = Release|ARM
		{6C3225FD-230C-41EA-8FB6-58AF1A514215}.AppStore|ARM.Build.0 = Release|ARM
		{6C3225FD-230C-41EA-8FB6-58AF1A514215}.AppStore|ARM.Deploy.0 = Release|ARM
		{6C3225FD-230C-41EA-8FB6-58AF1A514215}.AppStore|iPhone.ActiveCfg = Release|Any CPU
		{6C3225FD-230C-41EA-8FB6-58AF1A514215}.AppStore|iPhoneSimulator.ActiveCfg = Release|Any CPU
		{6C3225FD-230C-41EA-8FB6-58AF1A514215}.AppStore|Mixed Platforms.ActiveCfg = Release|x86
		{6C3225FD-230C-41EA-8FB6-58AF1A514215}.AppStore|Mixed Platforms.Build.0 = Release|x86
		{6C3225FD-230C-41EA-8FB6-58AF1A514215}.AppStore|Mixed Platforms.Deploy.0 = Release|x86
		{6C3225FD-230C-41EA-8FB6-58AF1A514215}.AppStore|x64.ActiveCfg = Release|Any CPU
		{6C3225FD-230C-41EA-8FB6-58AF1A514215}.AppStore|x86.ActiveCfg = Release|x86
		{6C3225FD-230C-41EA-8FB6-58AF1A514215}.AppStore|x86.Build.0 = Release|x86
		{6C3225FD-230C-41EA-8FB6-58AF1A514215}.AppStore|x86.Deploy.0 = Release|x86
		{6C3225FD-230C-41EA-8FB6-58AF1A514215}.Debug|Any CPU.ActiveCfg = Debug|Any CPU
		{6C3225FD-230C-41EA-8FB6-58AF1A514215}.Debug|Any CPU.Build.0 = Debug|Any CPU
		{6C3225FD-230C-41EA-8FB6-58AF1A514215}.Debug|Any CPU.Deploy.0 = Debug|Any CPU
		{6C3225FD-230C-41EA-8FB6-58AF1A514215}.Debug|ARM.ActiveCfg = Debug|ARM
		{6C3225FD-230C-41EA-8FB6-58AF1A514215}.Debug|ARM.Build.0 = Debug|ARM
		{6C3225FD-230C-41EA-8FB6-58AF1A514215}.Debug|ARM.Deploy.0 = Debug|ARM
		{6C3225FD-230C-41EA-8FB6-58AF1A514215}.Debug|iPhone.ActiveCfg = Debug|Any CPU
		{6C3225FD-230C-41EA-8FB6-58AF1A514215}.Debug|iPhoneSimulator.ActiveCfg = Debug|Any CPU
		{6C3225FD-230C-41EA-8FB6-58AF1A514215}.Debug|Mixed Platforms.ActiveCfg = Debug|x86
		{6C3225FD-230C-41EA-8FB6-58AF1A514215}.Debug|Mixed Platforms.Build.0 = Debug|x86
		{6C3225FD-230C-41EA-8FB6-58AF1A514215}.Debug|Mixed Platforms.Deploy.0 = Debug|x86
		{6C3225FD-230C-41EA-8FB6-58AF1A514215}.Debug|x64.ActiveCfg = Debug|Any CPU
		{6C3225FD-230C-41EA-8FB6-58AF1A514215}.Debug|x86.ActiveCfg = Debug|x86
		{6C3225FD-230C-41EA-8FB6-58AF1A514215}.Debug|x86.Build.0 = Debug|x86
		{6C3225FD-230C-41EA-8FB6-58AF1A514215}.Debug|x86.Deploy.0 = Debug|x86
		{6C3225FD-230C-41EA-8FB6-58AF1A514215}.Release|Any CPU.ActiveCfg = Release|Any CPU
		{6C3225FD-230C-41EA-8FB6-58AF1A514215}.Release|Any CPU.Build.0 = Release|Any CPU
		{6C3225FD-230C-41EA-8FB6-58AF1A514215}.Release|Any CPU.Deploy.0 = Release|Any CPU
		{6C3225FD-230C-41EA-8FB6-58AF1A514215}.Release|ARM.ActiveCfg = Release|ARM
		{6C3225FD-230C-41EA-8FB6-58AF1A514215}.Release|ARM.Build.0 = Release|ARM
		{6C3225FD-230C-41EA-8FB6-58AF1A514215}.Release|ARM.Deploy.0 = Release|ARM
		{6C3225FD-230C-41EA-8FB6-58AF1A514215}.Release|iPhone.ActiveCfg = Release|Any CPU
		{6C3225FD-230C-41EA-8FB6-58AF1A514215}.Release|iPhoneSimulator.ActiveCfg = Release|Any CPU
		{6C3225FD-230C-41EA-8FB6-58AF1A514215}.Release|Mixed Platforms.ActiveCfg = Release|x86
		{6C3225FD-230C-41EA-8FB6-58AF1A514215}.Release|Mixed Platforms.Build.0 = Release|x86
		{6C3225FD-230C-41EA-8FB6-58AF1A514215}.Release|Mixed Platforms.Deploy.0 = Release|x86
		{6C3225FD-230C-41EA-8FB6-58AF1A514215}.Release|x64.ActiveCfg = Release|Any CPU
		{6C3225FD-230C-41EA-8FB6-58AF1A514215}.Release|x86.ActiveCfg = Release|x86
		{6C3225FD-230C-41EA-8FB6-58AF1A514215}.Release|x86.Build.0 = Release|x86
		{6C3225FD-230C-41EA-8FB6-58AF1A514215}.Release|x86.Deploy.0 = Release|x86
		{8C84182B-CE2D-470E-9859-6B3E8D88888A}.Ad-Hoc|Any CPU.ActiveCfg = Ad-Hoc|iPhone
		{8C84182B-CE2D-470E-9859-6B3E8D88888A}.Ad-Hoc|ARM.ActiveCfg = Ad-Hoc|iPhone
		{8C84182B-CE2D-470E-9859-6B3E8D88888A}.Ad-Hoc|iPhone.ActiveCfg = Ad-Hoc|iPhone
		{8C84182B-CE2D-470E-9859-6B3E8D88888A}.Ad-Hoc|iPhone.Build.0 = Ad-Hoc|iPhone
		{8C84182B-CE2D-470E-9859-6B3E8D88888A}.Ad-Hoc|iPhone.Deploy.0 = Ad-Hoc|iPhone
		{8C84182B-CE2D-470E-9859-6B3E8D88888A}.Ad-Hoc|iPhoneSimulator.ActiveCfg = Ad-Hoc|iPhoneSimulator
		{8C84182B-CE2D-470E-9859-6B3E8D88888A}.Ad-Hoc|iPhoneSimulator.Build.0 = Ad-Hoc|iPhoneSimulator
		{8C84182B-CE2D-470E-9859-6B3E8D88888A}.Ad-Hoc|iPhoneSimulator.Deploy.0 = Ad-Hoc|iPhoneSimulator
		{8C84182B-CE2D-470E-9859-6B3E8D88888A}.Ad-Hoc|Mixed Platforms.ActiveCfg = Ad-Hoc|iPhone
		{8C84182B-CE2D-470E-9859-6B3E8D88888A}.Ad-Hoc|Mixed Platforms.Build.0 = Ad-Hoc|iPhone
		{8C84182B-CE2D-470E-9859-6B3E8D88888A}.Ad-Hoc|Mixed Platforms.Deploy.0 = Ad-Hoc|iPhone
		{8C84182B-CE2D-470E-9859-6B3E8D88888A}.Ad-Hoc|x64.ActiveCfg = Ad-Hoc|iPhone
		{8C84182B-CE2D-470E-9859-6B3E8D88888A}.Ad-Hoc|x86.ActiveCfg = Ad-Hoc|iPhone
		{8C84182B-CE2D-470E-9859-6B3E8D88888A}.AppStore|Any CPU.ActiveCfg = AppStore|iPhone
		{8C84182B-CE2D-470E-9859-6B3E8D88888A}.AppStore|ARM.ActiveCfg = AppStore|iPhone
		{8C84182B-CE2D-470E-9859-6B3E8D88888A}.AppStore|iPhone.ActiveCfg = AppStore|iPhone
		{8C84182B-CE2D-470E-9859-6B3E8D88888A}.AppStore|iPhone.Build.0 = AppStore|iPhone
		{8C84182B-CE2D-470E-9859-6B3E8D88888A}.AppStore|iPhone.Deploy.0 = AppStore|iPhone
		{8C84182B-CE2D-470E-9859-6B3E8D88888A}.AppStore|iPhoneSimulator.ActiveCfg = AppStore|iPhoneSimulator
		{8C84182B-CE2D-470E-9859-6B3E8D88888A}.AppStore|iPhoneSimulator.Build.0 = AppStore|iPhoneSimulator
		{8C84182B-CE2D-470E-9859-6B3E8D88888A}.AppStore|iPhoneSimulator.Deploy.0 = AppStore|iPhoneSimulator
		{8C84182B-CE2D-470E-9859-6B3E8D88888A}.AppStore|Mixed Platforms.ActiveCfg = AppStore|iPhone
		{8C84182B-CE2D-470E-9859-6B3E8D88888A}.AppStore|Mixed Platforms.Build.0 = AppStore|iPhone
		{8C84182B-CE2D-470E-9859-6B3E8D88888A}.AppStore|Mixed Platforms.Deploy.0 = AppStore|iPhone
		{8C84182B-CE2D-470E-9859-6B3E8D88888A}.AppStore|x64.ActiveCfg = AppStore|iPhone
		{8C84182B-CE2D-470E-9859-6B3E8D88888A}.AppStore|x86.ActiveCfg = AppStore|iPhone
		{8C84182B-CE2D-470E-9859-6B3E8D88888A}.Debug|Any CPU.ActiveCfg = Debug|iPhone
		{8C84182B-CE2D-470E-9859-6B3E8D88888A}.Debug|ARM.ActiveCfg = Debug|iPhone
		{8C84182B-CE2D-470E-9859-6B3E8D88888A}.Debug|iPhone.ActiveCfg = Debug|iPhone
		{8C84182B-CE2D-470E-9859-6B3E8D88888A}.Debug|iPhone.Build.0 = Debug|iPhone
		{8C84182B-CE2D-470E-9859-6B3E8D88888A}.Debug|iPhone.Deploy.0 = Debug|iPhone
		{8C84182B-CE2D-470E-9859-6B3E8D88888A}.Debug|iPhoneSimulator.ActiveCfg = Debug|iPhoneSimulator
		{8C84182B-CE2D-470E-9859-6B3E8D88888A}.Debug|iPhoneSimulator.Build.0 = Debug|iPhoneSimulator
		{8C84182B-CE2D-470E-9859-6B3E8D88888A}.Debug|iPhoneSimulator.Deploy.0 = Debug|iPhoneSimulator
		{8C84182B-CE2D-470E-9859-6B3E8D88888A}.Debug|Mixed Platforms.ActiveCfg = Debug|iPhone
		{8C84182B-CE2D-470E-9859-6B3E8D88888A}.Debug|Mixed Platforms.Build.0 = Debug|iPhone
		{8C84182B-CE2D-470E-9859-6B3E8D88888A}.Debug|Mixed Platforms.Deploy.0 = Debug|iPhone
		{8C84182B-CE2D-470E-9859-6B3E8D88888A}.Debug|x64.ActiveCfg = Debug|iPhone
		{8C84182B-CE2D-470E-9859-6B3E8D88888A}.Debug|x86.ActiveCfg = Debug|iPhone
		{8C84182B-CE2D-470E-9859-6B3E8D88888A}.Release|Any CPU.ActiveCfg = Release|iPhone
		{8C84182B-CE2D-470E-9859-6B3E8D88888A}.Release|ARM.ActiveCfg = Release|iPhone
		{8C84182B-CE2D-470E-9859-6B3E8D88888A}.Release|iPhone.ActiveCfg = Release|iPhone
		{8C84182B-CE2D-470E-9859-6B3E8D88888A}.Release|iPhone.Build.0 = Release|iPhone
		{8C84182B-CE2D-470E-9859-6B3E8D88888A}.Release|iPhone.Deploy.0 = Release|iPhone
		{8C84182B-CE2D-470E-9859-6B3E8D88888A}.Release|iPhoneSimulator.ActiveCfg = Release|iPhoneSimulator
		{8C84182B-CE2D-470E-9859-6B3E8D88888A}.Release|iPhoneSimulator.Build.0 = Release|iPhoneSimulator
		{8C84182B-CE2D-470E-9859-6B3E8D88888A}.Release|iPhoneSimulator.Deploy.0 = Release|iPhoneSimulator
		{8C84182B-CE2D-470E-9859-6B3E8D88888A}.Release|Mixed Platforms.ActiveCfg = Release|iPhone
		{8C84182B-CE2D-470E-9859-6B3E8D88888A}.Release|Mixed Platforms.Build.0 = Release|iPhone
		{8C84182B-CE2D-470E-9859-6B3E8D88888A}.Release|Mixed Platforms.Deploy.0 = Release|iPhone
		{8C84182B-CE2D-470E-9859-6B3E8D88888A}.Release|x64.ActiveCfg = Release|iPhone
		{8C84182B-CE2D-470E-9859-6B3E8D88888A}.Release|x86.ActiveCfg = Release|iPhone
		{8503CCF8-5575-4B88-B745-A043A1756FCB}.Ad-Hoc|Any CPU.ActiveCfg = Release|Any CPU
		{8503CCF8-5575-4B88-B745-A043A1756FCB}.Ad-Hoc|Any CPU.Build.0 = Release|Any CPU
		{8503CCF8-5575-4B88-B745-A043A1756FCB}.Ad-Hoc|Any CPU.Deploy.0 = Release|Any CPU
		{8503CCF8-5575-4B88-B745-A043A1756FCB}.Ad-Hoc|ARM.ActiveCfg = Release|Any CPU
		{8503CCF8-5575-4B88-B745-A043A1756FCB}.Ad-Hoc|iPhone.ActiveCfg = Release|Any CPU
		{8503CCF8-5575-4B88-B745-A043A1756FCB}.Ad-Hoc|iPhoneSimulator.ActiveCfg = Release|Any CPU
		{8503CCF8-5575-4B88-B745-A043A1756FCB}.Ad-Hoc|Mixed Platforms.ActiveCfg = Release|Any CPU
		{8503CCF8-5575-4B88-B745-A043A1756FCB}.Ad-Hoc|Mixed Platforms.Build.0 = Release|Any CPU
		{8503CCF8-5575-4B88-B745-A043A1756FCB}.Ad-Hoc|Mixed Platforms.Deploy.0 = Release|Any CPU
		{8503CCF8-5575-4B88-B745-A043A1756FCB}.Ad-Hoc|x64.ActiveCfg = Release|Any CPU
		{8503CCF8-5575-4B88-B745-A043A1756FCB}.Ad-Hoc|x86.ActiveCfg = Release|Any CPU
		{8503CCF8-5575-4B88-B745-A043A1756FCB}.AppStore|Any CPU.ActiveCfg = Release|Any CPU
		{8503CCF8-5575-4B88-B745-A043A1756FCB}.AppStore|Any CPU.Build.0 = Release|Any CPU
		{8503CCF8-5575-4B88-B745-A043A1756FCB}.AppStore|Any CPU.Deploy.0 = Release|Any CPU
		{8503CCF8-5575-4B88-B745-A043A1756FCB}.AppStore|ARM.ActiveCfg = Release|Any CPU
		{8503CCF8-5575-4B88-B745-A043A1756FCB}.AppStore|iPhone.ActiveCfg = Release|Any CPU
		{8503CCF8-5575-4B88-B745-A043A1756FCB}.AppStore|iPhoneSimulator.ActiveCfg = Release|Any CPU
		{8503CCF8-5575-4B88-B745-A043A1756FCB}.AppStore|Mixed Platforms.ActiveCfg = Release|Any CPU
		{8503CCF8-5575-4B88-B745-A043A1756FCB}.AppStore|Mixed Platforms.Build.0 = Release|Any CPU
		{8503CCF8-5575-4B88-B745-A043A1756FCB}.AppStore|Mixed Platforms.Deploy.0 = Release|Any CPU
		{8503CCF8-5575-4B88-B745-A043A1756FCB}.AppStore|x64.ActiveCfg = Release|Any CPU
		{8503CCF8-5575-4B88-B745-A043A1756FCB}.AppStore|x86.ActiveCfg = Release|Any CPU
		{8503CCF8-5575-4B88-B745-A043A1756FCB}.Debug|Any CPU.ActiveCfg = Debug|Any CPU
		{8503CCF8-5575-4B88-B745-A043A1756FCB}.Debug|Any CPU.Build.0 = Debug|Any CPU
		{8503CCF8-5575-4B88-B745-A043A1756FCB}.Debug|Any CPU.Deploy.0 = Debug|Any CPU
		{8503CCF8-5575-4B88-B745-A043A1756FCB}.Debug|ARM.ActiveCfg = Debug|Any CPU
		{8503CCF8-5575-4B88-B745-A043A1756FCB}.Debug|iPhone.ActiveCfg = Debug|Any CPU
		{8503CCF8-5575-4B88-B745-A043A1756FCB}.Debug|iPhoneSimulator.ActiveCfg = Debug|Any CPU
		{8503CCF8-5575-4B88-B745-A043A1756FCB}.Debug|Mixed Platforms.ActiveCfg = Debug|Any CPU
		{8503CCF8-5575-4B88-B745-A043A1756FCB}.Debug|Mixed Platforms.Build.0 = Debug|Any CPU
		{8503CCF8-5575-4B88-B745-A043A1756FCB}.Debug|Mixed Platforms.Deploy.0 = Debug|Any CPU
		{8503CCF8-5575-4B88-B745-A043A1756FCB}.Debug|x64.ActiveCfg = Debug|Any CPU
		{8503CCF8-5575-4B88-B745-A043A1756FCB}.Debug|x86.ActiveCfg = Debug|Any CPU
		{8503CCF8-5575-4B88-B745-A043A1756FCB}.Release|Any CPU.ActiveCfg = Release|Any CPU
		{8503CCF8-5575-4B88-B745-A043A1756FCB}.Release|Any CPU.Build.0 = Release|Any CPU
		{8503CCF8-5575-4B88-B745-A043A1756FCB}.Release|Any CPU.Deploy.0 = Release|Any CPU
		{8503CCF8-5575-4B88-B745-A043A1756FCB}.Release|ARM.ActiveCfg = Release|Any CPU
		{8503CCF8-5575-4B88-B745-A043A1756FCB}.Release|iPhone.ActiveCfg = Release|Any CPU
		{8503CCF8-5575-4B88-B745-A043A1756FCB}.Release|iPhoneSimulator.ActiveCfg = Release|Any CPU
		{8503CCF8-5575-4B88-B745-A043A1756FCB}.Release|Mixed Platforms.ActiveCfg = Release|Any CPU
		{8503CCF8-5575-4B88-B745-A043A1756FCB}.Release|Mixed Platforms.Build.0 = Release|Any CPU
		{8503CCF8-5575-4B88-B745-A043A1756FCB}.Release|Mixed Platforms.Deploy.0 = Release|Any CPU
		{8503CCF8-5575-4B88-B745-A043A1756FCB}.Release|x64.ActiveCfg = Release|Any CPU
		{8503CCF8-5575-4B88-B745-A043A1756FCB}.Release|x86.ActiveCfg = Release|Any CPU
	EndGlobalSection
	GlobalSection(SolutionProperties) = preSolution
		HideSolutionNode = FALSE
	EndGlobalSection
EndGlobal
